
Microsoft Visual Studio Solution File, Format Version 12.00
# Visual Studio 15
VisualStudioVersion = 15.0.26430.16
MinimumVisualStudioVersion = 10.0.40219.1
Project("{9A19103F-16F7-4668-BE54-9A1E7A4F7556}") = "Loki.Interfaces", "Loki.Interfaces\Loki.Interfaces.csproj", "{0CD538A6-C516-43C3-AF44-40B6CA111EDA}"
EndProject
Project("{9A19103F-16F7-4668-BE54-9A1E7A4F7556}") = "Loki.Common", "Loki.Common\Loki.Common.csproj", "{8D25DD52-BA0A-4BAC-8838-B75E24C5BA69}"
EndProject
Project("{9A19103F-16F7-4668-BE54-9A1E7A4F7556}") = "Loki.Server", "Loki.Server\Loki.Server.csproj", "{18059321-FD98-4785-8494-CF5D8FC35200}"
EndProject
Project("{9A19103F-16F7-4668-BE54-9A1E7A4F7556}") = "Loki.UnitTests", "Loki.UnitTests\Loki.UnitTests.csproj", "{A2901266-656C-420F-8E56-E6D7A2B96E30}"
EndProject
Project("{2150E333-8FDC-42A3-9474-1A3956D46DE8}") = "Examples", "Examples", "{413F7CF8-0E10-4774-BC49-A5D95A281618}"
EndProject
Project("{9A19103F-16F7-4668-BE54-9A1E7A4F7556}") = "Loki.Example.EchoServer", "Loki.Example.EchoServer\Loki.Example.EchoServer.csproj", "{0C57E0D0-8B01-4C7C-825C-C24D0B364905}"
EndProject
Project("{2150E333-8FDC-42A3-9474-1A3956D46DE8}") = "Documentation", "Documentation", "{59A63B80-673F-4F40-BCBC-92FFBF6B5381}"
	ProjectSection(SolutionItems) = preProject
		LICENSE = LICENSE
		README.md = README.md
	EndProjectSection
EndProject
Project("{9A19103F-16F7-4668-BE54-9A1E7A4F7556}") = "Loki.Example.Logging", "Loki.Example.Logging\Loki.Example.Logging.csproj", "{AE775992-6E78-4578-B20B-123CA968B10A}"
EndProject
Project("{9A19103F-16F7-4668-BE54-9A1E7A4F7556}") = "Loki.Example.Secure", "Loki.Example.Secure\Loki.Example.Secure.csproj", "{253D0FDE-6BA7-4102-B194-B3112DBC09BF}"
EndProject
Project("{FAE04EC0-301F-11D3-BF4B-00C04F79EFBC}") = "Loki.Example.Chat", "Loki.Example.Chat\Loki.Example.Chat.csproj", "{FF822FD9-AD3A-4BFB-B089-A19678F7A92C}"
EndProject
Global
	GlobalSection(SolutionConfigurationPlatforms) = preSolution
		Debug|Any CPU = Debug|Any CPU
		Release|Any CPU = Release|Any CPU
	EndGlobalSection
	GlobalSection(ProjectConfigurationPlatforms) = postSolution
		{0CD538A6-C516-43C3-AF44-40B6CA111EDA}.Debug|Any CPU.ActiveCfg = Debug|Any CPU
		{0CD538A6-C516-43C3-AF44-40B6CA111EDA}.Debug|Any CPU.Build.0 = Debug|Any CPU
		{0CD538A6-C516-43C3-AF44-40B6CA111EDA}.Release|Any CPU.ActiveCfg = Release|Any CPU
		{0CD538A6-C516-43C3-AF44-40B6CA111EDA}.Release|Any CPU.Build.0 = Release|Any CPU
		{8D25DD52-BA0A-4BAC-8838-B75E24C5BA69}.Debug|Any CPU.ActiveCfg = Debug|Any CPU
		{8D25DD52-BA0A-4BAC-8838-B75E24C5BA69}.Debug|Any CPU.Build.0 = Debug|Any CPU
		{8D25DD52-BA0A-4BAC-8838-B75E24C5BA69}.Release|Any CPU.ActiveCfg = Release|Any CPU
		{18059321-FD98-4785-8494-CF5D8FC35200}.Debug|Any CPU.ActiveCfg = Debug|Any CPU
		{18059321-FD98-4785-8494-CF5D8FC35200}.Debug|Any CPU.Build.0 = Debug|Any CPU
		{18059321-FD98-4785-8494-CF5D8FC35200}.Release|Any CPU.ActiveCfg = Release|Any CPU
		{18059321-FD98-4785-8494-CF5D8FC35200}.Release|Any CPU.Build.0 = Release|Any CPU
		{A2901266-656C-420F-8E56-E6D7A2B96E30}.Debug|Any CPU.ActiveCfg = Debug|Any CPU
		{A2901266-656C-420F-8E56-E6D7A2B96E30}.Debug|Any CPU.Build.0 = Debug|Any CPU
		{A2901266-656C-420F-8E56-E6D7A2B96E30}.Release|Any CPU.ActiveCfg = Release|Any CPU
		{A2901266-656C-420F-8E56-E6D7A2B96E30}.Release|Any CPU.Build.0 = Release|Any CPU
		{0C57E0D0-8B01-4C7C-825C-C24D0B364905}.Debug|Any CPU.ActiveCfg = Debug|Any CPU
		{0C57E0D0-8B01-4C7C-825C-C24D0B364905}.Debug|Any CPU.Build.0 = Debug|Any CPU
		{0C57E0D0-8B01-4C7C-825C-C24D0B364905}.Release|Any CPU.ActiveCfg = Release|Any CPU
		{0C57E0D0-8B01-4C7C-825C-C24D0B364905}.Release|Any CPU.Build.0 = Release|Any CPU
		{AE775992-6E78-4578-B20B-123CA968B10A}.Debug|Any CPU.ActiveCfg = Debug|Any CPU
		{AE775992-6E78-4578-B20B-123CA968B10A}.Debug|Any CPU.Build.0 = Debug|Any CPU
		{AE775992-6E78-4578-B20B-123CA968B10A}.Release|Any CPU.ActiveCfg = Release|Any CPU
		{AE775992-6E78-4578-B20B-123CA968B10A}.Release|Any CPU.Build.0 = Release|Any CPU
		{253D0FDE-6BA7-4102-B194-B3112DBC09BF}.Debug|Any CPU.ActiveCfg = Debug|Any CPU
		{253D0FDE-6BA7-4102-B194-B3112DBC09BF}.Debug|Any CPU.Build.0 = Debug|Any CPU
		{253D0FDE-6BA7-4102-B194-B3112DBC09BF}.Release|Any CPU.ActiveCfg = Release|Any CPU
		{253D0FDE-6BA7-4102-B194-B3112DBC09BF}.Release|Any CPU.Build.0 = Release|Any CPU
		{FF822FD9-AD3A-4BFB-B089-A19678F7A92C}.Debug|Any CPU.ActiveCfg = Debug|Any CPU
		{FF822FD9-AD3A-4BFB-B089-A19678F7A92C}.Debug|Any CPU.Build.0 = Debug|Any CPU
		{FF822FD9-AD3A-4BFB-B089-A19678F7A92C}.Release|Any CPU.ActiveCfg = Release|Any CPU
		{FF822FD9-AD3A-4BFB-B089-A19678F7A92C}.Release|Any CPU.Build.0 = Release|Any CPU
	EndGlobalSection
	GlobalSection(SolutionProperties) = preSolution
		HideSolutionNode = FALSE
	EndGlobalSection
	GlobalSection(NestedProjects) = preSolution
		{0C57E0D0-8B01-4C7C-825C-C24D0B364905} = {413F7CF8-0E10-4774-BC49-A5D95A281618}
		{AE775992-6E78-4578-B20B-123CA968B10A} = {413F7CF8-0E10-4774-BC49-A5D95A281618}
		{253D0FDE-6BA7-4102-B194-B3112DBC09BF} = {413F7CF8-0E10-4774-BC49-A5D95A281618}
		{FF822FD9-AD3A-4BFB-B089-A19678F7A92C} = {413F7CF8-0E10-4774-BC49-A5D95A281618}
	EndGlobalSection
EndGlobal
